
Microsoft Visual Studio Solution File, Format Version 12.00
# Visual Studio Version 16
VisualStudioVersion = 16.0.34301.259
MinimumVisualStudioVersion = 10.0.40219.1
Project("{FAE04EC0-301F-11D3-BF4B-00C04F79EFBC}") = "Lab3", "Lab3\Lab3.csproj", "{C92AFB45-4DDD-4A43-A1BA-490A8170C364}"
EndProject
Project("{FAE04EC0-301F-11D3-BF4B-00C04F79EFBC}") = "UnitTests", "UnitTests\UnitTests.csproj", "{A646B1E2-7869-450E-812A-2284E48D15C3}"
EndProject
Global
	GlobalSection(SolutionConfigurationPlatforms) = preSolution
		Debug|Any CPU = Debug|Any CPU
		Release|Any CPU = Release|Any CPU
	EndGlobalSection
	GlobalSection(ProjectConfigurationPlatforms) = postSolution
		{C92AFB45-4DDD-4A43-A1BA-490A8170C364}.Debug|Any CPU.ActiveCfg = Debug|Any CPU
		{C92AFB45-4DDD-4A43-A1BA-490A8170C364}.Debug|Any CPU.Build.0 = Debug|Any CPU
		{C92AFB45-4DDD-4A43-A1BA-490A8170C364}.Release|Any CPU.ActiveCfg = Release|Any CPU
		{C92AFB45-4DDD-4A43-A1BA-490A8170C364}.Release|Any CPU.Build.0 = Release|Any CPU
		{A646B1E2-7869-450E-812A-2284E48D15C3}.Debug|Any CPU.ActiveCfg = Debug|Any CPU
		{A646B1E2-7869-450E-812A-2284E48D15C3}.Debug|Any CPU.Build.0 = Debug|Any CPU
		{A646B1E2-7869-450E-812A-2284E48D15C3}.Release|Any CPU.ActiveCfg = Release|Any CPU
		{A646B1E2-7869-450E-812A-2284E48D15C3}.Release|Any CPU.Build.0 = Release|Any CPU
	EndGlobalSection
	GlobalSection(SolutionProperties) = preSolution
		HideSolutionNode = FALSE
	EndGlobalSection
	GlobalSection(ExtensibilityGlobals) = postSolution
		SolutionGuid = {756296A0-7B0E-4848-AEC3-30FFD42F831A}
	EndGlobalSection
EndGlobal
